
Microsoft Visual Studio Solution File, Format Version 12.00
# Visual Studio Version 17
VisualStudioVersion = 17.11.35312.102
MinimumVisualStudioVersion = 10.0.40219.1
Project("{9A19103F-16F7-4668-BE54-9A1E7A4F7556}") = "AmentumExploratory", "AmentumExploratory.csproj", "{1DF2EC39-C394-4EBD-8573-4C1B2F9CE252}"
EndProject
Global
	GlobalSection(SolutionConfigurationPlatforms) = preSolution
		Debug|Any CPU = Debug|Any CPU
		Release|Any CPU = Release|Any CPU
	EndGlobalSection
	GlobalSection(ProjectConfigurationPlatforms) = postSolution
		{1DF2EC39-C394-4EBD-8573-4C1B2F9CE252}.Debug|Any CPU.ActiveCfg = Debug|Any CPU
		{1DF2EC39-C394-4EBD-8573-4C1B2F9CE252}.Debug|Any CPU.Build.0 = Debug|Any CPU
		{1DF2EC39-C394-4EBD-8573-4C1B2F9CE252}.Release|Any CPU.ActiveCfg = Release|Any CPU
		{1DF2EC39-C394-4EBD-8573-4C1B2F9CE252}.Release|Any CPU.Build.0 = Release|Any CPU
	EndGlobalSection
	GlobalSection(SolutionProperties) = preSolution
		HideSolutionNode = FALSE
	EndGlobalSection
	GlobalSection(ExtensibilityGlobals) = postSolution
		SolutionGuid = {E761A9CC-0C4B-463F-BD79-BDE4A283168F}
	EndGlobalSection
EndGlobal
